
Microsoft Visual Studio Solution File, Format Version 12.00
# Visual Studio 15
VisualStudioVersion = 15.0.28307.271
MinimumVisualStudioVersion = 10.0.40219.1
Project("{FAE04EC0-301F-11D3-BF4B-00C04F79EFBC}") = "UnitConverter4", "UnitConverter4\UnitConverter4.csproj", "{43CC2ECE-14CD-4BE2-BDBF-A09520B1B766}"
EndProject
Project("{FAE04EC0-301F-11D3-BF4B-00C04F79EFBC}") = "UnitConverter.SDK", "UnitConverter.SDK\UnitConverter.SDK.csproj", "{3567F5D0-6F9C-4518-88AC-C228C7759B3E}"
EndProject
Global
	GlobalSection(SolutionConfigurationPlatforms) = preSolution
		Debug|Any CPU = Debug|Any CPU
		Release|Any CPU = Release|Any CPU
	EndGlobalSection
	GlobalSection(ProjectConfigurationPlatforms) = postSolution
		{43CC2ECE-14CD-4BE2-BDBF-A09520B1B766}.Debug|Any CPU.ActiveCfg = Debug|Any CPU
		{43CC2ECE-14CD-4BE2-BDBF-A09520B1B766}.Debug|Any CPU.Build.0 = Debug|Any CPU
		{43CC2ECE-14CD-4BE2-BDBF-A09520B1B766}.Release|Any CPU.ActiveCfg = Release|Any CPU
		{43CC2ECE-14CD-4BE2-BDBF-A09520B1B766}.Release|Any CPU.Build.0 = Release|Any CPU
		{3567F5D0-6F9C-4518-88AC-C228C7759B3E}.Debug|Any CPU.ActiveCfg = Debug|Any CPU
		{3567F5D0-6F9C-4518-88AC-C228C7759B3E}.Debug|Any CPU.Build.0 = Debug|Any CPU
		{3567F5D0-6F9C-4518-88AC-C228C7759B3E}.Release|Any CPU.ActiveCfg = Release|Any CPU
		{3567F5D0-6F9C-4518-88AC-C228C7759B3E}.Release|Any CPU.Build.0 = Release|Any CPU
	EndGlobalSection
	GlobalSection(SolutionProperties) = preSolution
		HideSolutionNode = FALSE
	EndGlobalSection
	GlobalSection(ExtensibilityGlobals) = postSolution
		SolutionGuid = {0BC60230-11F4-42D5-ABA9-462FA5A2778C}
	EndGlobalSection
EndGlobal
