
Microsoft Visual Studio Solution File, Format Version 12.00
# Visual Studio 15
VisualStudioVersion = 15.0.28307.489
MinimumVisualStudioVersion = 10.0.40219.1
Project("{FAE04EC0-301F-11D3-BF4B-00C04F79EFBC}") = "JIPP5.Plugin", "JIPP5.Plugin\JIPP5.Plugin.csproj", "{8028A362-0099-4DF8-B59B-5ADA4B7CA81C}"
EndProject
Project("{FAE04EC0-301F-11D3-BF4B-00C04F79EFBC}") = "JIPP5.WalutaPlugin", "JIPP5.WalutaPlugin\JIPP5.WalutaPlugin.csproj", "{BC8C2DFF-5681-4880-95B6-71EFF846888D}"
EndProject
Global
	GlobalSection(SolutionConfigurationPlatforms) = preSolution
		Debug|Any CPU = Debug|Any CPU
		Release|Any CPU = Release|Any CPU
	EndGlobalSection
	GlobalSection(ProjectConfigurationPlatforms) = postSolution
		{8028A362-0099-4DF8-B59B-5ADA4B7CA81C}.Debug|Any CPU.ActiveCfg = Debug|Any CPU
		{8028A362-0099-4DF8-B59B-5ADA4B7CA81C}.Debug|Any CPU.Build.0 = Debug|Any CPU
		{8028A362-0099-4DF8-B59B-5ADA4B7CA81C}.Release|Any CPU.ActiveCfg = Release|Any CPU
		{8028A362-0099-4DF8-B59B-5ADA4B7CA81C}.Release|Any CPU.Build.0 = Release|Any CPU
		{BC8C2DFF-5681-4880-95B6-71EFF846888D}.Debug|Any CPU.ActiveCfg = Debug|Any CPU
		{BC8C2DFF-5681-4880-95B6-71EFF846888D}.Debug|Any CPU.Build.0 = Debug|Any CPU
		{BC8C2DFF-5681-4880-95B6-71EFF846888D}.Release|Any CPU.ActiveCfg = Release|Any CPU
		{BC8C2DFF-5681-4880-95B6-71EFF846888D}.Release|Any CPU.Build.0 = Release|Any CPU
	EndGlobalSection
	GlobalSection(SolutionProperties) = preSolution
		HideSolutionNode = FALSE
	EndGlobalSection
	GlobalSection(ExtensibilityGlobals) = postSolution
		SolutionGuid = {80F257E9-02D5-4877-92DA-081D617923C9}
	EndGlobalSection
EndGlobal
