
Microsoft Visual Studio Solution File, Format Version 12.00
# Visual Studio Version 16
VisualStudioVersion = 16.0.29215.179
MinimumVisualStudioVersion = 10.0.40219.1
Project("{FAE04EC0-301F-11D3-BF4B-00C04F79EFBC}") = "WPFConverterv2", "WPFConverterv2\WPFConverterv2.csproj", "{2BD50856-A7A6-4041-82DA-CBC5EB5E7612}"
EndProject
Global
	GlobalSection(SolutionConfigurationPlatforms) = preSolution
		Debug|Any CPU = Debug|Any CPU
		Release|Any CPU = Release|Any CPU
	EndGlobalSection
	GlobalSection(ProjectConfigurationPlatforms) = postSolution
		{2BD50856-A7A6-4041-82DA-CBC5EB5E7612}.Debug|Any CPU.ActiveCfg = Debug|Any CPU
		{2BD50856-A7A6-4041-82DA-CBC5EB5E7612}.Debug|Any CPU.Build.0 = Debug|Any CPU
		{2BD50856-A7A6-4041-82DA-CBC5EB5E7612}.Release|Any CPU.ActiveCfg = Release|Any CPU
		{2BD50856-A7A6-4041-82DA-CBC5EB5E7612}.Release|Any CPU.Build.0 = Release|Any CPU
	EndGlobalSection
	GlobalSection(SolutionProperties) = preSolution
		HideSolutionNode = FALSE
	EndGlobalSection
	GlobalSection(ExtensibilityGlobals) = postSolution
		SolutionGuid = {0FB5E1F5-166C-4F66-8E6F-2754843EF94C}
	EndGlobalSection
EndGlobal
