
Microsoft Visual Studio Solution File, Format Version 12.00
# Visual Studio Version 16
VisualStudioVersion = 16.0.29306.81
MinimumVisualStudioVersion = 10.0.40219.1
Project("{FAE04EC0-301F-11D3-BF4B-00C04F79EFBC}") = "Konwerter", "Konwerter.csproj", "{FEA943F3-2802-4C16-ADB6-3DC1D9E0576E}"
EndProject
Project("{FAE04EC0-301F-11D3-BF4B-00C04F79EFBC}") = "Converter.SDK", "..\Converter.SDK\Converter.SDK.csproj", "{5617518C-4D68-44C3-A08D-88C83C5A077B}"
EndProject
Project("{FAE04EC0-301F-11D3-BF4B-00C04F79EFBC}") = "Converter.Logic", "..\Converter.Logic\Converter.Logic.csproj", "{C8E8A5D3-67E7-4123-A5FE-7BAB98C6B9E8}"
EndProject
Project("{FAE04EC0-301F-11D3-BF4B-00C04F79EFBC}") = "Converter.Web", "..\Converter.Web\Converter.Web.csproj", "{BE6CF1F9-CB35-4C9E-89A1-A63EE470AC01}"
EndProject
Global
	GlobalSection(SolutionConfigurationPlatforms) = preSolution
		Debug|Any CPU = Debug|Any CPU
		Release|Any CPU = Release|Any CPU
	EndGlobalSection
	GlobalSection(ProjectConfigurationPlatforms) = postSolution
		{FEA943F3-2802-4C16-ADB6-3DC1D9E0576E}.Debug|Any CPU.ActiveCfg = Debug|Any CPU
		{FEA943F3-2802-4C16-ADB6-3DC1D9E0576E}.Debug|Any CPU.Build.0 = Debug|Any CPU
		{FEA943F3-2802-4C16-ADB6-3DC1D9E0576E}.Release|Any CPU.ActiveCfg = Release|Any CPU
		{FEA943F3-2802-4C16-ADB6-3DC1D9E0576E}.Release|Any CPU.Build.0 = Release|Any CPU
		{5617518C-4D68-44C3-A08D-88C83C5A077B}.Debug|Any CPU.ActiveCfg = Debug|Any CPU
		{5617518C-4D68-44C3-A08D-88C83C5A077B}.Debug|Any CPU.Build.0 = Debug|Any CPU
		{5617518C-4D68-44C3-A08D-88C83C5A077B}.Release|Any CPU.ActiveCfg = Release|Any CPU
		{5617518C-4D68-44C3-A08D-88C83C5A077B}.Release|Any CPU.Build.0 = Release|Any CPU
		{C8E8A5D3-67E7-4123-A5FE-7BAB98C6B9E8}.Debug|Any CPU.ActiveCfg = Debug|Any CPU
		{C8E8A5D3-67E7-4123-A5FE-7BAB98C6B9E8}.Debug|Any CPU.Build.0 = Debug|Any CPU
		{C8E8A5D3-67E7-4123-A5FE-7BAB98C6B9E8}.Release|Any CPU.ActiveCfg = Release|Any CPU
		{C8E8A5D3-67E7-4123-A5FE-7BAB98C6B9E8}.Release|Any CPU.Build.0 = Release|Any CPU
		{BE6CF1F9-CB35-4C9E-89A1-A63EE470AC01}.Debug|Any CPU.ActiveCfg = Debug|Any CPU
		{BE6CF1F9-CB35-4C9E-89A1-A63EE470AC01}.Debug|Any CPU.Build.0 = Debug|Any CPU
		{BE6CF1F9-CB35-4C9E-89A1-A63EE470AC01}.Release|Any CPU.ActiveCfg = Release|Any CPU
		{BE6CF1F9-CB35-4C9E-89A1-A63EE470AC01}.Release|Any CPU.Build.0 = Release|Any CPU
	EndGlobalSection
	GlobalSection(SolutionProperties) = preSolution
		HideSolutionNode = FALSE
	EndGlobalSection
	GlobalSection(ExtensibilityGlobals) = postSolution
		SolutionGuid = {147892D0-4088-4E18-8F0D-F07A82D846A4}
	EndGlobalSection
EndGlobal
