
Microsoft Visual Studio Solution File, Format Version 12.00
# Visual Studio Version 16
VisualStudioVersion = 16.0.29503.13
MinimumVisualStudioVersion = 10.0.40219.1
Project("{FAE04EC0-301F-11D3-BF4B-00C04F79EFBC}") = "KonwerterPlugin", "KonwerterPlugin\KonwerterPlugin.csproj", "{16E16C24-00BF-4AD5-8461-C41B7C2C4908}"
EndProject
Global
	GlobalSection(SolutionConfigurationPlatforms) = preSolution
		Debug|Any CPU = Debug|Any CPU
		Release|Any CPU = Release|Any CPU
	EndGlobalSection
	GlobalSection(ProjectConfigurationPlatforms) = postSolution
		{16E16C24-00BF-4AD5-8461-C41B7C2C4908}.Debug|Any CPU.ActiveCfg = Debug|Any CPU
		{16E16C24-00BF-4AD5-8461-C41B7C2C4908}.Debug|Any CPU.Build.0 = Debug|Any CPU
		{16E16C24-00BF-4AD5-8461-C41B7C2C4908}.Release|Any CPU.ActiveCfg = Release|Any CPU
		{16E16C24-00BF-4AD5-8461-C41B7C2C4908}.Release|Any CPU.Build.0 = Release|Any CPU
	EndGlobalSection
	GlobalSection(SolutionProperties) = preSolution
		HideSolutionNode = FALSE
	EndGlobalSection
	GlobalSection(ExtensibilityGlobals) = postSolution
		SolutionGuid = {41369BB7-FC18-4DD2-B2F3-1AE74F931DE5}
	EndGlobalSection
EndGlobal
