
Microsoft Visual Studio Solution File, Format Version 12.00
# Visual Studio Version 16
VisualStudioVersion = 16.0.29306.81
MinimumVisualStudioVersion = 10.0.40219.1
Project("{FAE04EC0-301F-11D3-BF4B-00C04F79EFBC}") = "Konwerter", "Konwerter.csproj", "{FEA943F3-2802-4C16-ADB6-3DC1D9E0576E}"
EndProject
Global
	GlobalSection(SolutionConfigurationPlatforms) = preSolution
		Debug|Any CPU = Debug|Any CPU
		Release|Any CPU = Release|Any CPU
	EndGlobalSection
	GlobalSection(ProjectConfigurationPlatforms) = postSolution
		{FEA943F3-2802-4C16-ADB6-3DC1D9E0576E}.Debug|Any CPU.ActiveCfg = Debug|Any CPU
		{FEA943F3-2802-4C16-ADB6-3DC1D9E0576E}.Debug|Any CPU.Build.0 = Debug|Any CPU
		{FEA943F3-2802-4C16-ADB6-3DC1D9E0576E}.Release|Any CPU.ActiveCfg = Release|Any CPU
		{FEA943F3-2802-4C16-ADB6-3DC1D9E0576E}.Release|Any CPU.Build.0 = Release|Any CPU
	EndGlobalSection
	GlobalSection(SolutionProperties) = preSolution
		HideSolutionNode = FALSE
	EndGlobalSection
	GlobalSection(ExtensibilityGlobals) = postSolution
		SolutionGuid = {147892D0-4088-4E18-8F0D-F07A82D846A4}
	EndGlobalSection
EndGlobal
