
Microsoft Visual Studio Solution File, Format Version 12.00
# Visual Studio Version 16
VisualStudioVersion = 16.0.28803.452
MinimumVisualStudioVersion = 10.0.40219.1
Project("{9A19103F-16F7-4668-BE54-9A1E7A4F7556}") = "ConverterSDK", "ConverterSDK\ConverterSDK.csproj", "{3024807D-A944-4485-A736-C2A4CA0D7285}"
EndProject
Project("{FAE04EC0-301F-11D3-BF4B-00C04F79EFBC}") = "WebApplication2", "WebApplication2\WebApplication2.csproj", "{8C328F40-C89B-41F2-B623-EDD9465853FD}"
EndProject
Project("{FAE04EC0-301F-11D3-BF4B-00C04F79EFBC}") = "Speed", "Time\Speed.csproj", "{B98BEEC5-B98C-4010-80B2-F7DA530A6A71}"
EndProject
Project("{FAE04EC0-301F-11D3-BF4B-00C04F79EFBC}") = "Logic", "Logic\Logic.csproj", "{C87AC748-CEA6-435A-8109-1C6C892D55F3}"
EndProject
Project("{FAE04EC0-301F-11D3-BF4B-00C04F79EFBC}") = "WpfApp1", "jipp2019\WpfApp1\WpfApp1.csproj", "{675D904F-C428-41F6-A101-15986A3392E2}"
EndProject
Global
	GlobalSection(SolutionConfigurationPlatforms) = preSolution
		Debug|Any CPU = Debug|Any CPU
		Release|Any CPU = Release|Any CPU
	EndGlobalSection
	GlobalSection(ProjectConfigurationPlatforms) = postSolution
		{3024807D-A944-4485-A736-C2A4CA0D7285}.Debug|Any CPU.ActiveCfg = Debug|Any CPU
		{3024807D-A944-4485-A736-C2A4CA0D7285}.Debug|Any CPU.Build.0 = Debug|Any CPU
		{3024807D-A944-4485-A736-C2A4CA0D7285}.Release|Any CPU.ActiveCfg = Release|Any CPU
		{3024807D-A944-4485-A736-C2A4CA0D7285}.Release|Any CPU.Build.0 = Release|Any CPU
		{8C328F40-C89B-41F2-B623-EDD9465853FD}.Debug|Any CPU.ActiveCfg = Debug|Any CPU
		{8C328F40-C89B-41F2-B623-EDD9465853FD}.Debug|Any CPU.Build.0 = Debug|Any CPU
		{8C328F40-C89B-41F2-B623-EDD9465853FD}.Release|Any CPU.ActiveCfg = Release|Any CPU
		{8C328F40-C89B-41F2-B623-EDD9465853FD}.Release|Any CPU.Build.0 = Release|Any CPU
		{B98BEEC5-B98C-4010-80B2-F7DA530A6A71}.Debug|Any CPU.ActiveCfg = Debug|Any CPU
		{B98BEEC5-B98C-4010-80B2-F7DA530A6A71}.Debug|Any CPU.Build.0 = Debug|Any CPU
		{B98BEEC5-B98C-4010-80B2-F7DA530A6A71}.Release|Any CPU.ActiveCfg = Release|Any CPU
		{B98BEEC5-B98C-4010-80B2-F7DA530A6A71}.Release|Any CPU.Build.0 = Release|Any CPU
		{C87AC748-CEA6-435A-8109-1C6C892D55F3}.Debug|Any CPU.ActiveCfg = Debug|Any CPU
		{C87AC748-CEA6-435A-8109-1C6C892D55F3}.Debug|Any CPU.Build.0 = Debug|Any CPU
		{C87AC748-CEA6-435A-8109-1C6C892D55F3}.Release|Any CPU.ActiveCfg = Release|Any CPU
		{C87AC748-CEA6-435A-8109-1C6C892D55F3}.Release|Any CPU.Build.0 = Release|Any CPU
		{675D904F-C428-41F6-A101-15986A3392E2}.Debug|Any CPU.ActiveCfg = Debug|Any CPU
		{675D904F-C428-41F6-A101-15986A3392E2}.Debug|Any CPU.Build.0 = Debug|Any CPU
		{675D904F-C428-41F6-A101-15986A3392E2}.Release|Any CPU.ActiveCfg = Release|Any CPU
		{675D904F-C428-41F6-A101-15986A3392E2}.Release|Any CPU.Build.0 = Release|Any CPU
	EndGlobalSection
	GlobalSection(SolutionProperties) = preSolution
		HideSolutionNode = FALSE
	EndGlobalSection
	GlobalSection(ExtensibilityGlobals) = postSolution
		SolutionGuid = {69B12A6B-1F49-4625-B272-210C88121AE6}
	EndGlobalSection
EndGlobal
