
Microsoft Visual Studio Solution File, Format Version 12.00
# Visual Studio Version 16
VisualStudioVersion = 16.0.29306.81
MinimumVisualStudioVersion = 10.0.40219.1
Project("{FAE04EC0-301F-11D3-BF4B-00C04F79EFBC}") = "JIPP5-LAB", "JIPP5-LAB\JIPP5-LAB.csproj", "{11A6FB25-D816-42CE-8F5C-77AA23466F25}"
EndProject
Global
	GlobalSection(SolutionConfigurationPlatforms) = preSolution
		Debug|Any CPU = Debug|Any CPU
		Release|Any CPU = Release|Any CPU
	EndGlobalSection
	GlobalSection(ProjectConfigurationPlatforms) = postSolution
		{11A6FB25-D816-42CE-8F5C-77AA23466F25}.Debug|Any CPU.ActiveCfg = Debug|Any CPU
		{11A6FB25-D816-42CE-8F5C-77AA23466F25}.Debug|Any CPU.Build.0 = Debug|Any CPU
		{11A6FB25-D816-42CE-8F5C-77AA23466F25}.Release|Any CPU.ActiveCfg = Release|Any CPU
		{11A6FB25-D816-42CE-8F5C-77AA23466F25}.Release|Any CPU.Build.0 = Release|Any CPU
	EndGlobalSection
	GlobalSection(SolutionProperties) = preSolution
		HideSolutionNode = FALSE
	EndGlobalSection
	GlobalSection(ExtensibilityGlobals) = postSolution
		SolutionGuid = {1C2A68FC-157A-4D7C-AF20-434EEF769114}
	EndGlobalSection
EndGlobal
