
Microsoft Visual Studio Solution File, Format Version 12.00
# Visual Studio 15
VisualStudioVersion = 15.0.28307.645
MinimumVisualStudioVersion = 10.0.40219.1
Project("{FAE04EC0-301F-11D3-BF4B-00C04F79EFBC}") = "Konwerter", "Konwerter\Konwerter.csproj", "{7CB0E687-5B79-4444-A098-1596B633E3DE}"
EndProject
Project("{FAE04EC0-301F-11D3-BF4B-00C04F79EFBC}") = "ConverterSDK", "ConverterSDK\ConverterSDK.csproj", "{A9784218-7022-49B0-8965-D7B94E1FDA74}"
EndProject
Global
	GlobalSection(SolutionConfigurationPlatforms) = preSolution
		Debug|Any CPU = Debug|Any CPU
		Release|Any CPU = Release|Any CPU
	EndGlobalSection
	GlobalSection(ProjectConfigurationPlatforms) = postSolution
		{7CB0E687-5B79-4444-A098-1596B633E3DE}.Debug|Any CPU.ActiveCfg = Debug|Any CPU
		{7CB0E687-5B79-4444-A098-1596B633E3DE}.Debug|Any CPU.Build.0 = Debug|Any CPU
		{7CB0E687-5B79-4444-A098-1596B633E3DE}.Release|Any CPU.ActiveCfg = Release|Any CPU
		{7CB0E687-5B79-4444-A098-1596B633E3DE}.Release|Any CPU.Build.0 = Release|Any CPU
		{A9784218-7022-49B0-8965-D7B94E1FDA74}.Debug|Any CPU.ActiveCfg = Debug|Any CPU
		{A9784218-7022-49B0-8965-D7B94E1FDA74}.Debug|Any CPU.Build.0 = Debug|Any CPU
		{A9784218-7022-49B0-8965-D7B94E1FDA74}.Release|Any CPU.ActiveCfg = Release|Any CPU
		{A9784218-7022-49B0-8965-D7B94E1FDA74}.Release|Any CPU.Build.0 = Release|Any CPU
	EndGlobalSection
	GlobalSection(SolutionProperties) = preSolution
		HideSolutionNode = FALSE
	EndGlobalSection
	GlobalSection(ExtensibilityGlobals) = postSolution
		SolutionGuid = {462968FA-23ED-45CC-8398-E7086D561180}
	EndGlobalSection
EndGlobal
