
Microsoft Visual Studio Solution File, Format Version 12.00
# Visual Studio Version 16
VisualStudioVersion = 16.0.29306.81
MinimumVisualStudioVersion = 10.0.40219.1
Project("{FAE04EC0-301F-11D3-BF4B-00C04F79EFBC}") = "UnitsConverter", "UnitsConverter\UnitsConverter.csproj", "{C3ED849F-4D9C-41AF-9AF9-0AC7234B4813}"
	ProjectSection(ProjectDependencies) = postProject
		{F914FE02-EFB3-4CEC-A987-573C976FED02} = {F914FE02-EFB3-4CEC-A987-573C976FED02}
	EndProjectSection
EndProject
Project("{FAE04EC0-301F-11D3-BF4B-00C04F79EFBC}") = "Converter.SDK", "Converter.SDK\Converter.SDK.csproj", "{AE7EA7F9-41A3-4F04-AC63-2E8F95D6864B}"
EndProject
Project("{FAE04EC0-301F-11D3-BF4B-00C04F79EFBC}") = "UnitConverter.Logic", "UnitConverter.Logic\UnitConverter.Logic.csproj", "{57D0F3EB-DD8A-4E9A-A048-2EEF6DA3E359}"
EndProject
Project("{FAE04EC0-301F-11D3-BF4B-00C04F79EFBC}") = "UnitConverter.Web", "UnitConverter.Web\UnitConverter.Web.csproj", "{F914FE02-EFB3-4CEC-A987-573C976FED02}"
EndProject
Global
	GlobalSection(SolutionConfigurationPlatforms) = preSolution
		Debug|Any CPU = Debug|Any CPU
		Release|Any CPU = Release|Any CPU
	EndGlobalSection
	GlobalSection(ProjectConfigurationPlatforms) = postSolution
		{C3ED849F-4D9C-41AF-9AF9-0AC7234B4813}.Debug|Any CPU.ActiveCfg = Debug|Any CPU
		{C3ED849F-4D9C-41AF-9AF9-0AC7234B4813}.Debug|Any CPU.Build.0 = Debug|Any CPU
		{C3ED849F-4D9C-41AF-9AF9-0AC7234B4813}.Release|Any CPU.ActiveCfg = Release|Any CPU
		{C3ED849F-4D9C-41AF-9AF9-0AC7234B4813}.Release|Any CPU.Build.0 = Release|Any CPU
		{AE7EA7F9-41A3-4F04-AC63-2E8F95D6864B}.Debug|Any CPU.ActiveCfg = Debug|Any CPU
		{AE7EA7F9-41A3-4F04-AC63-2E8F95D6864B}.Debug|Any CPU.Build.0 = Debug|Any CPU
		{AE7EA7F9-41A3-4F04-AC63-2E8F95D6864B}.Release|Any CPU.ActiveCfg = Release|Any CPU
		{AE7EA7F9-41A3-4F04-AC63-2E8F95D6864B}.Release|Any CPU.Build.0 = Release|Any CPU
		{57D0F3EB-DD8A-4E9A-A048-2EEF6DA3E359}.Debug|Any CPU.ActiveCfg = Debug|Any CPU
		{57D0F3EB-DD8A-4E9A-A048-2EEF6DA3E359}.Debug|Any CPU.Build.0 = Debug|Any CPU
		{57D0F3EB-DD8A-4E9A-A048-2EEF6DA3E359}.Release|Any CPU.ActiveCfg = Release|Any CPU
		{57D0F3EB-DD8A-4E9A-A048-2EEF6DA3E359}.Release|Any CPU.Build.0 = Release|Any CPU
		{F914FE02-EFB3-4CEC-A987-573C976FED02}.Debug|Any CPU.ActiveCfg = Debug|Any CPU
		{F914FE02-EFB3-4CEC-A987-573C976FED02}.Debug|Any CPU.Build.0 = Debug|Any CPU
		{F914FE02-EFB3-4CEC-A987-573C976FED02}.Release|Any CPU.ActiveCfg = Release|Any CPU
		{F914FE02-EFB3-4CEC-A987-573C976FED02}.Release|Any CPU.Build.0 = Release|Any CPU
	EndGlobalSection
	GlobalSection(SolutionProperties) = preSolution
		HideSolutionNode = FALSE
	EndGlobalSection
	GlobalSection(ExtensibilityGlobals) = postSolution
		SolutionGuid = {FA516B4D-4497-4816-BD28-4ED659283B73}
	EndGlobalSection
EndGlobal
