
Microsoft Visual Studio Solution File, Format Version 12.00
# Visual Studio Version 16
VisualStudioVersion = 16.0.28803.452
MinimumVisualStudioVersion = 10.0.40219.1
Project("{FAE04EC0-301F-11D3-BF4B-00C04F79EFBC}") = "UnitConverter", "UnitConverter\UnitConverter.csproj", "{71B57D69-BAEC-4119-8B9A-E945EBA6A8C8}"
EndProject
Project("{FAE04EC0-301F-11D3-BF4B-00C04F79EFBC}") = "Converter.SDK", "Converter.SDK\Converter.SDK.csproj", "{6AA78D68-864D-4B27-B300-B4480E3A1EDE}"
EndProject
Global
	GlobalSection(SolutionConfigurationPlatforms) = preSolution
		Debug|Any CPU = Debug|Any CPU
		Release|Any CPU = Release|Any CPU
	EndGlobalSection
	GlobalSection(ProjectConfigurationPlatforms) = postSolution
		{71B57D69-BAEC-4119-8B9A-E945EBA6A8C8}.Debug|Any CPU.ActiveCfg = Debug|Any CPU
		{71B57D69-BAEC-4119-8B9A-E945EBA6A8C8}.Debug|Any CPU.Build.0 = Debug|Any CPU
		{71B57D69-BAEC-4119-8B9A-E945EBA6A8C8}.Release|Any CPU.ActiveCfg = Release|Any CPU
		{71B57D69-BAEC-4119-8B9A-E945EBA6A8C8}.Release|Any CPU.Build.0 = Release|Any CPU
		{6AA78D68-864D-4B27-B300-B4480E3A1EDE}.Debug|Any CPU.ActiveCfg = Debug|Any CPU
		{6AA78D68-864D-4B27-B300-B4480E3A1EDE}.Debug|Any CPU.Build.0 = Debug|Any CPU
		{6AA78D68-864D-4B27-B300-B4480E3A1EDE}.Release|Any CPU.ActiveCfg = Release|Any CPU
		{6AA78D68-864D-4B27-B300-B4480E3A1EDE}.Release|Any CPU.Build.0 = Release|Any CPU
	EndGlobalSection
	GlobalSection(SolutionProperties) = preSolution
		HideSolutionNode = FALSE
	EndGlobalSection
	GlobalSection(ExtensibilityGlobals) = postSolution
		SolutionGuid = {3A511078-BABA-4DC1-B3E1-F6850B7F72EA}
	EndGlobalSection
EndGlobal
