
Microsoft Visual Studio Solution File, Format Version 12.00
# Visual Studio Version 16
VisualStudioVersion = 16.0.29306.81
MinimumVisualStudioVersion = 10.0.40219.1
Project("{FAE04EC0-301F-11D3-BF4B-00C04F79EFBC}") = "UnitsConverter", "UnitsConverter\UnitsConverter.csproj", "{C3ED849F-4D9C-41AF-9AF9-0AC7234B4813}"
EndProject
Project("{FAE04EC0-301F-11D3-BF4B-00C04F79EFBC}") = "Converter.SDK", "Converter.SDK\Converter.SDK.csproj", "{AE7EA7F9-41A3-4F04-AC63-2E8F95D6864B}"
EndProject
Global
	GlobalSection(SolutionConfigurationPlatforms) = preSolution
		Debug|Any CPU = Debug|Any CPU
		Release|Any CPU = Release|Any CPU
	EndGlobalSection
	GlobalSection(ProjectConfigurationPlatforms) = postSolution
		{C3ED849F-4D9C-41AF-9AF9-0AC7234B4813}.Debug|Any CPU.ActiveCfg = Debug|Any CPU
		{C3ED849F-4D9C-41AF-9AF9-0AC7234B4813}.Debug|Any CPU.Build.0 = Debug|Any CPU
		{C3ED849F-4D9C-41AF-9AF9-0AC7234B4813}.Release|Any CPU.ActiveCfg = Release|Any CPU
		{C3ED849F-4D9C-41AF-9AF9-0AC7234B4813}.Release|Any CPU.Build.0 = Release|Any CPU
		{AE7EA7F9-41A3-4F04-AC63-2E8F95D6864B}.Debug|Any CPU.ActiveCfg = Debug|Any CPU
		{AE7EA7F9-41A3-4F04-AC63-2E8F95D6864B}.Debug|Any CPU.Build.0 = Debug|Any CPU
		{AE7EA7F9-41A3-4F04-AC63-2E8F95D6864B}.Release|Any CPU.ActiveCfg = Release|Any CPU
		{AE7EA7F9-41A3-4F04-AC63-2E8F95D6864B}.Release|Any CPU.Build.0 = Release|Any CPU
	EndGlobalSection
	GlobalSection(SolutionProperties) = preSolution
		HideSolutionNode = FALSE
	EndGlobalSection
	GlobalSection(ExtensibilityGlobals) = postSolution
		SolutionGuid = {FA516B4D-4497-4816-BD28-4ED659283B73}
	EndGlobalSection
EndGlobal
