
Microsoft Visual Studio Solution File, Format Version 12.00
# Visual Studio Version 16
VisualStudioVersion = 16.0.29409.12
MinimumVisualStudioVersion = 10.0.40219.1
Project("{FAE04EC0-301F-11D3-BF4B-00C04F79EFBC}") = "Unitconverter", "Unitconverter\Unitconverter.csproj", "{47A05FD0-6FC5-4BB3-A812-7864E17082FD}"
EndProject
Global
	GlobalSection(SolutionConfigurationPlatforms) = preSolution
		Debug|Any CPU = Debug|Any CPU
		Release|Any CPU = Release|Any CPU
	EndGlobalSection
	GlobalSection(ProjectConfigurationPlatforms) = postSolution
		{47A05FD0-6FC5-4BB3-A812-7864E17082FD}.Debug|Any CPU.ActiveCfg = Debug|Any CPU
		{47A05FD0-6FC5-4BB3-A812-7864E17082FD}.Debug|Any CPU.Build.0 = Debug|Any CPU
		{47A05FD0-6FC5-4BB3-A812-7864E17082FD}.Release|Any CPU.ActiveCfg = Release|Any CPU
		{47A05FD0-6FC5-4BB3-A812-7864E17082FD}.Release|Any CPU.Build.0 = Release|Any CPU
	EndGlobalSection
	GlobalSection(SolutionProperties) = preSolution
		HideSolutionNode = FALSE
	EndGlobalSection
	GlobalSection(ExtensibilityGlobals) = postSolution
		SolutionGuid = {B3A6F093-C626-4539-9D1E-1B2FC1C8C30D}
	EndGlobalSection
EndGlobal
