
Microsoft Visual Studio Solution File, Format Version 12.00
# Visual Studio Version 16
VisualStudioVersion = 16.0.29306.81
MinimumVisualStudioVersion = 10.0.40219.1
Project("{FAE04EC0-301F-11D3-BF4B-00C04F79EFBC}") = "konwerter", "konwerter\konwerter.csproj", "{C52E4A3C-38C5-4F62-A58F-596FB28301A6}"
EndProject
Project("{FAE04EC0-301F-11D3-BF4B-00C04F79EFBC}") = "Converter.SDK", "Converter.SDK\Converter.SDK.csproj", "{65DD65D8-A37F-4A75-960E-5D9ED76FA39B}"
EndProject
Global
	GlobalSection(SolutionConfigurationPlatforms) = preSolution
		Debug|Any CPU = Debug|Any CPU
		Release|Any CPU = Release|Any CPU
	EndGlobalSection
	GlobalSection(ProjectConfigurationPlatforms) = postSolution
		{C52E4A3C-38C5-4F62-A58F-596FB28301A6}.Debug|Any CPU.ActiveCfg = Debug|Any CPU
		{C52E4A3C-38C5-4F62-A58F-596FB28301A6}.Debug|Any CPU.Build.0 = Debug|Any CPU
		{C52E4A3C-38C5-4F62-A58F-596FB28301A6}.Release|Any CPU.ActiveCfg = Release|Any CPU
		{C52E4A3C-38C5-4F62-A58F-596FB28301A6}.Release|Any CPU.Build.0 = Release|Any CPU
		{65DD65D8-A37F-4A75-960E-5D9ED76FA39B}.Debug|Any CPU.ActiveCfg = Debug|Any CPU
		{65DD65D8-A37F-4A75-960E-5D9ED76FA39B}.Debug|Any CPU.Build.0 = Debug|Any CPU
		{65DD65D8-A37F-4A75-960E-5D9ED76FA39B}.Release|Any CPU.ActiveCfg = Release|Any CPU
		{65DD65D8-A37F-4A75-960E-5D9ED76FA39B}.Release|Any CPU.Build.0 = Release|Any CPU
	EndGlobalSection
	GlobalSection(SolutionProperties) = preSolution
		HideSolutionNode = FALSE
	EndGlobalSection
	GlobalSection(ExtensibilityGlobals) = postSolution
		SolutionGuid = {CEAE8A42-6311-49ED-B415-80E0746061EA}
	EndGlobalSection
EndGlobal
