
Microsoft Visual Studio Solution File, Format Version 12.00
# Visual Studio Version 16
VisualStudioVersion = 16.0.28803.352
MinimumVisualStudioVersion = 10.0.40219.1
Project("{FAE04EC0-301F-11D3-BF4B-00C04F79EFBC}") = "CurrencyConversionPlugin", "CurrencyConversionPlugin.csproj", "{CA585DE7-8A86-4B07-B232-206A1E2DE776}"
EndProject
Global
	GlobalSection(SolutionConfigurationPlatforms) = preSolution
		Debug|Any CPU = Debug|Any CPU
		Release|Any CPU = Release|Any CPU
	EndGlobalSection
	GlobalSection(ProjectConfigurationPlatforms) = postSolution
		{CA585DE7-8A86-4B07-B232-206A1E2DE776}.Debug|Any CPU.ActiveCfg = Debug|Any CPU
		{CA585DE7-8A86-4B07-B232-206A1E2DE776}.Debug|Any CPU.Build.0 = Debug|Any CPU
		{CA585DE7-8A86-4B07-B232-206A1E2DE776}.Release|Any CPU.ActiveCfg = Release|Any CPU
		{CA585DE7-8A86-4B07-B232-206A1E2DE776}.Release|Any CPU.Build.0 = Release|Any CPU
	EndGlobalSection
	GlobalSection(SolutionProperties) = preSolution
		HideSolutionNode = FALSE
	EndGlobalSection
	GlobalSection(ExtensibilityGlobals) = postSolution
		SolutionGuid = {5138DC2D-C442-4E68-B392-3B6375FBFFAB}
	EndGlobalSection
EndGlobal
