
Microsoft Visual Studio Solution File, Format Version 12.00
# Visual Studio Version 16
VisualStudioVersion = 16.0.29409.12
MinimumVisualStudioVersion = 10.0.40219.1
Project("{FAE04EC0-301F-11D3-BF4B-00C04F79EFBC}") = "UnitConverter", "UnitConverter\UnitConverter.csproj", "{3D8B43B6-9003-4B06-90C2-08840E7BDF90}"
EndProject
Global
	GlobalSection(SolutionConfigurationPlatforms) = preSolution
		Debug|Any CPU = Debug|Any CPU
		Release|Any CPU = Release|Any CPU
	EndGlobalSection
	GlobalSection(ProjectConfigurationPlatforms) = postSolution
		{3D8B43B6-9003-4B06-90C2-08840E7BDF90}.Debug|Any CPU.ActiveCfg = Debug|Any CPU
		{3D8B43B6-9003-4B06-90C2-08840E7BDF90}.Debug|Any CPU.Build.0 = Debug|Any CPU
		{3D8B43B6-9003-4B06-90C2-08840E7BDF90}.Release|Any CPU.ActiveCfg = Release|Any CPU
		{3D8B43B6-9003-4B06-90C2-08840E7BDF90}.Release|Any CPU.Build.0 = Release|Any CPU
	EndGlobalSection
	GlobalSection(SolutionProperties) = preSolution
		HideSolutionNode = FALSE
	EndGlobalSection
	GlobalSection(ExtensibilityGlobals) = postSolution
		SolutionGuid = {8BA0F132-DE57-4136-A51B-226072AC5623}
	EndGlobalSection
EndGlobal
