
Microsoft Visual Studio Solution File, Format Version 12.00
# Visual Studio Version 16
VisualStudioVersion = 16.0.29123.88
MinimumVisualStudioVersion = 10.0.40219.1
Project("{FAE04EC0-301F-11D3-BF4B-00C04F79EFBC}") = "Rafal_Ciupak_converter", "Rafal_Ciupak_converter\Rafal_Ciupak_converter.csproj", "{43667FBE-BB2C-45FE-B5A2-A0F80924908E}"
EndProject
Project("{FAE04EC0-301F-11D3-BF4B-00C04F79EFBC}") = "ConverterSDK", "ConverterSDK\ConverterSDK.csproj", "{93AF1C35-0827-4909-8303-4A6E5CE6C7C8}"
EndProject
Global
	GlobalSection(SolutionConfigurationPlatforms) = preSolution
		Debug|Any CPU = Debug|Any CPU
		Release|Any CPU = Release|Any CPU
	EndGlobalSection
	GlobalSection(ProjectConfigurationPlatforms) = postSolution
		{43667FBE-BB2C-45FE-B5A2-A0F80924908E}.Debug|Any CPU.ActiveCfg = Debug|Any CPU
		{43667FBE-BB2C-45FE-B5A2-A0F80924908E}.Debug|Any CPU.Build.0 = Debug|Any CPU
		{43667FBE-BB2C-45FE-B5A2-A0F80924908E}.Release|Any CPU.ActiveCfg = Release|Any CPU
		{43667FBE-BB2C-45FE-B5A2-A0F80924908E}.Release|Any CPU.Build.0 = Release|Any CPU
		{93AF1C35-0827-4909-8303-4A6E5CE6C7C8}.Debug|Any CPU.ActiveCfg = Debug|Any CPU
		{93AF1C35-0827-4909-8303-4A6E5CE6C7C8}.Debug|Any CPU.Build.0 = Debug|Any CPU
		{93AF1C35-0827-4909-8303-4A6E5CE6C7C8}.Release|Any CPU.ActiveCfg = Release|Any CPU
		{93AF1C35-0827-4909-8303-4A6E5CE6C7C8}.Release|Any CPU.Build.0 = Release|Any CPU
	EndGlobalSection
	GlobalSection(SolutionProperties) = preSolution
		HideSolutionNode = FALSE
	EndGlobalSection
	GlobalSection(ExtensibilityGlobals) = postSolution
		SolutionGuid = {09E3A356-718A-4033-B618-50581AA941F9}
	EndGlobalSection
EndGlobal
