
Microsoft Visual Studio Solution File, Format Version 12.00
# Visual Studio Version 16
VisualStudioVersion = 16.0.29519.87
MinimumVisualStudioVersion = 10.0.40219.1
Project("{FAE04EC0-301F-11D3-BF4B-00C04F79EFBC}") = "ConverterNBP", "ConverterNBP\ConverterNBP.csproj", "{8E6C4A90-5F77-430A-8DD0-F7255E6747A6}"
EndProject
Global
	GlobalSection(SolutionConfigurationPlatforms) = preSolution
		Debug|Any CPU = Debug|Any CPU
		Release|Any CPU = Release|Any CPU
	EndGlobalSection
	GlobalSection(ProjectConfigurationPlatforms) = postSolution
		{8E6C4A90-5F77-430A-8DD0-F7255E6747A6}.Debug|Any CPU.ActiveCfg = Debug|Any CPU
		{8E6C4A90-5F77-430A-8DD0-F7255E6747A6}.Debug|Any CPU.Build.0 = Debug|Any CPU
		{8E6C4A90-5F77-430A-8DD0-F7255E6747A6}.Release|Any CPU.ActiveCfg = Release|Any CPU
		{8E6C4A90-5F77-430A-8DD0-F7255E6747A6}.Release|Any CPU.Build.0 = Release|Any CPU
	EndGlobalSection
	GlobalSection(SolutionProperties) = preSolution
		HideSolutionNode = FALSE
	EndGlobalSection
	GlobalSection(ExtensibilityGlobals) = postSolution
		SolutionGuid = {186A74C9-807F-45A3-AC51-336070CB0706}
	EndGlobalSection
EndGlobal
