
Microsoft Visual Studio Solution File, Format Version 12.00
# Visual Studio Version 16
VisualStudioVersion = 16.0.28803.452
MinimumVisualStudioVersion = 10.0.40219.1
Project("{FAE04EC0-301F-11D3-BF4B-00C04F79EFBC}") = "WpfAppJIPP", "WpfApp7\WpfAppJIPP.csproj", "{AF0F5B52-B49F-45C5-A196-BCA9267872AD}"
EndProject
Project("{FAE04EC0-301F-11D3-BF4B-00C04F79EFBC}") = "Unitconverter.logic", "Unitconverter.logic\Unitconverter.logic.csproj", "{6213F6F3-1A04-471B-8D5E-6353A0B6EF29}"
EndProject
Project("{FAE04EC0-301F-11D3-BF4B-00C04F79EFBC}") = "Unitconverter.web", "Unitconverter.web\Unitconverter.web.csproj", "{BD43EA30-3CA6-490D-ABA4-298B73A70B1E}"
EndProject
Project("{FAE04EC0-301F-11D3-BF4B-00C04F79EFBC}") = "KonwerterWaluty", "KonwerterWaluty\KonwerterWaluty.csproj", "{B3BAC9D6-BA57-4E6E-A15B-BEBE67C967FE}"
EndProject
Project("{FAE04EC0-301F-11D3-BF4B-00C04F79EFBC}") = "KonwerterSDK", "..\KonwerterSDK\KonwerterSDK.csproj", "{970B9C3D-3835-40CD-804B-71AAA1B97FC5}"
EndProject
Global
	GlobalSection(SolutionConfigurationPlatforms) = preSolution
		Debug|Any CPU = Debug|Any CPU
		Release|Any CPU = Release|Any CPU
	EndGlobalSection
	GlobalSection(ProjectConfigurationPlatforms) = postSolution
		{AF0F5B52-B49F-45C5-A196-BCA9267872AD}.Debug|Any CPU.ActiveCfg = Debug|Any CPU
		{AF0F5B52-B49F-45C5-A196-BCA9267872AD}.Debug|Any CPU.Build.0 = Debug|Any CPU
		{AF0F5B52-B49F-45C5-A196-BCA9267872AD}.Release|Any CPU.ActiveCfg = Release|Any CPU
		{AF0F5B52-B49F-45C5-A196-BCA9267872AD}.Release|Any CPU.Build.0 = Release|Any CPU
		{6213F6F3-1A04-471B-8D5E-6353A0B6EF29}.Debug|Any CPU.ActiveCfg = Debug|Any CPU
		{6213F6F3-1A04-471B-8D5E-6353A0B6EF29}.Debug|Any CPU.Build.0 = Debug|Any CPU
		{6213F6F3-1A04-471B-8D5E-6353A0B6EF29}.Release|Any CPU.ActiveCfg = Release|Any CPU
		{6213F6F3-1A04-471B-8D5E-6353A0B6EF29}.Release|Any CPU.Build.0 = Release|Any CPU
		{BD43EA30-3CA6-490D-ABA4-298B73A70B1E}.Debug|Any CPU.ActiveCfg = Debug|Any CPU
		{BD43EA30-3CA6-490D-ABA4-298B73A70B1E}.Debug|Any CPU.Build.0 = Debug|Any CPU
		{BD43EA30-3CA6-490D-ABA4-298B73A70B1E}.Release|Any CPU.ActiveCfg = Release|Any CPU
		{BD43EA30-3CA6-490D-ABA4-298B73A70B1E}.Release|Any CPU.Build.0 = Release|Any CPU
		{B3BAC9D6-BA57-4E6E-A15B-BEBE67C967FE}.Debug|Any CPU.ActiveCfg = Debug|Any CPU
		{B3BAC9D6-BA57-4E6E-A15B-BEBE67C967FE}.Debug|Any CPU.Build.0 = Debug|Any CPU
		{B3BAC9D6-BA57-4E6E-A15B-BEBE67C967FE}.Release|Any CPU.ActiveCfg = Release|Any CPU
		{B3BAC9D6-BA57-4E6E-A15B-BEBE67C967FE}.Release|Any CPU.Build.0 = Release|Any CPU
		{970B9C3D-3835-40CD-804B-71AAA1B97FC5}.Debug|Any CPU.ActiveCfg = Debug|Any CPU
		{970B9C3D-3835-40CD-804B-71AAA1B97FC5}.Debug|Any CPU.Build.0 = Debug|Any CPU
		{970B9C3D-3835-40CD-804B-71AAA1B97FC5}.Release|Any CPU.ActiveCfg = Release|Any CPU
		{970B9C3D-3835-40CD-804B-71AAA1B97FC5}.Release|Any CPU.Build.0 = Release|Any CPU
	EndGlobalSection
	GlobalSection(SolutionProperties) = preSolution
		HideSolutionNode = FALSE
	EndGlobalSection
	GlobalSection(ExtensibilityGlobals) = postSolution
		SolutionGuid = {2A5D919C-B858-41F9-903B-7632E4D46007}
	EndGlobalSection
EndGlobal
