
Microsoft Visual Studio Solution File, Format Version 12.00
# Visual Studio 15
VisualStudioVersion = 15.0.28010.2050
MinimumVisualStudioVersion = 10.0.40219.1
Project("{FAE04EC0-301F-11D3-BF4B-00C04F79EFBC}") = "WpfApp1", "WpfApp1\WpfApp1.csproj", "{A0A57C6E-9346-4FFC-8F73-7DF5F60FC69A}"
EndProject
Project("{FAE04EC0-301F-11D3-BF4B-00C04F79EFBC}") = "Units.SDK", "Units.SDK\Units.SDK.csproj", "{F754D367-9034-4A53-9A22-455DB64C9B76}"
EndProject
Project("{FAE04EC0-301F-11D3-BF4B-00C04F79EFBC}") = "UnitConverter.LOGIC", "UnitConverter.LOGIC\UnitConverter.LOGIC.csproj", "{34A98158-13E0-49C8-8866-532F99CC2D68}"
EndProject
Project("{FAE04EC0-301F-11D3-BF4B-00C04F79EFBC}") = "UnitConverter.WEB", "UnitConverter.WEB\UnitConverter.WEB.csproj", "{77B82D3B-D9AA-4BBE-AEFC-1BAC325CD2BC}"
EndProject
Project("{FAE04EC0-301F-11D3-BF4B-00C04F79EFBC}") = "CurrencyPlugin", "..\CurrencyPlugin\CurrencyPlugin.csproj", "{A1536043-65EC-48F3-B759-EBA8661141C4}"
EndProject
Project("{FAE04EC0-301F-11D3-BF4B-00C04F79EFBC}") = "ConverterPlugin", "..\ConverterPlugin\ConverterPlugin\ConverterPlugin.csproj", "{F31B9B0B-8E2F-47C4-BC3A-240F1AEE27A5}"
EndProject
Global
	GlobalSection(SolutionConfigurationPlatforms) = preSolution
		Debug|Any CPU = Debug|Any CPU
		Release|Any CPU = Release|Any CPU
	EndGlobalSection
	GlobalSection(ProjectConfigurationPlatforms) = postSolution
		{A0A57C6E-9346-4FFC-8F73-7DF5F60FC69A}.Debug|Any CPU.ActiveCfg = Debug|Any CPU
		{A0A57C6E-9346-4FFC-8F73-7DF5F60FC69A}.Debug|Any CPU.Build.0 = Debug|Any CPU
		{A0A57C6E-9346-4FFC-8F73-7DF5F60FC69A}.Release|Any CPU.ActiveCfg = Release|Any CPU
		{A0A57C6E-9346-4FFC-8F73-7DF5F60FC69A}.Release|Any CPU.Build.0 = Release|Any CPU
		{F754D367-9034-4A53-9A22-455DB64C9B76}.Debug|Any CPU.ActiveCfg = Debug|Any CPU
		{F754D367-9034-4A53-9A22-455DB64C9B76}.Debug|Any CPU.Build.0 = Debug|Any CPU
		{F754D367-9034-4A53-9A22-455DB64C9B76}.Release|Any CPU.ActiveCfg = Release|Any CPU
		{F754D367-9034-4A53-9A22-455DB64C9B76}.Release|Any CPU.Build.0 = Release|Any CPU
		{34A98158-13E0-49C8-8866-532F99CC2D68}.Debug|Any CPU.ActiveCfg = Debug|Any CPU
		{34A98158-13E0-49C8-8866-532F99CC2D68}.Debug|Any CPU.Build.0 = Debug|Any CPU
		{34A98158-13E0-49C8-8866-532F99CC2D68}.Release|Any CPU.ActiveCfg = Release|Any CPU
		{34A98158-13E0-49C8-8866-532F99CC2D68}.Release|Any CPU.Build.0 = Release|Any CPU
		{77B82D3B-D9AA-4BBE-AEFC-1BAC325CD2BC}.Debug|Any CPU.ActiveCfg = Debug|Any CPU
		{77B82D3B-D9AA-4BBE-AEFC-1BAC325CD2BC}.Debug|Any CPU.Build.0 = Debug|Any CPU
		{77B82D3B-D9AA-4BBE-AEFC-1BAC325CD2BC}.Release|Any CPU.ActiveCfg = Release|Any CPU
		{77B82D3B-D9AA-4BBE-AEFC-1BAC325CD2BC}.Release|Any CPU.Build.0 = Release|Any CPU
		{A1536043-65EC-48F3-B759-EBA8661141C4}.Debug|Any CPU.ActiveCfg = Debug|Any CPU
		{A1536043-65EC-48F3-B759-EBA8661141C4}.Debug|Any CPU.Build.0 = Debug|Any CPU
		{A1536043-65EC-48F3-B759-EBA8661141C4}.Release|Any CPU.ActiveCfg = Release|Any CPU
		{A1536043-65EC-48F3-B759-EBA8661141C4}.Release|Any CPU.Build.0 = Release|Any CPU
		{F31B9B0B-8E2F-47C4-BC3A-240F1AEE27A5}.Debug|Any CPU.ActiveCfg = Debug|Any CPU
		{F31B9B0B-8E2F-47C4-BC3A-240F1AEE27A5}.Debug|Any CPU.Build.0 = Debug|Any CPU
		{F31B9B0B-8E2F-47C4-BC3A-240F1AEE27A5}.Release|Any CPU.ActiveCfg = Release|Any CPU
		{F31B9B0B-8E2F-47C4-BC3A-240F1AEE27A5}.Release|Any CPU.Build.0 = Release|Any CPU
	EndGlobalSection
	GlobalSection(SolutionProperties) = preSolution
		HideSolutionNode = FALSE
	EndGlobalSection
	GlobalSection(ExtensibilityGlobals) = postSolution
		SolutionGuid = {82E0D130-4D00-4E2C-9FCA-BD9E8F5C5D91}
	EndGlobalSection
EndGlobal
