
Microsoft Visual Studio Solution File, Format Version 12.00
# Visual Studio Version 16
VisualStudioVersion = 16.0.29418.71
MinimumVisualStudioVersion = 10.0.40219.1
Project("{FAE04EC0-301F-11D3-BF4B-00C04F79EFBC}") = "Plugins", "Plugins\Plugins.csproj", "{70C6F377-9995-47F5-99F1-F2D635A8F664}"
EndProject
Global
	GlobalSection(SolutionConfigurationPlatforms) = preSolution
		Debug|Any CPU = Debug|Any CPU
		Release|Any CPU = Release|Any CPU
	EndGlobalSection
	GlobalSection(ProjectConfigurationPlatforms) = postSolution
		{70C6F377-9995-47F5-99F1-F2D635A8F664}.Debug|Any CPU.ActiveCfg = Debug|Any CPU
		{70C6F377-9995-47F5-99F1-F2D635A8F664}.Debug|Any CPU.Build.0 = Debug|Any CPU
		{70C6F377-9995-47F5-99F1-F2D635A8F664}.Release|Any CPU.ActiveCfg = Release|Any CPU
		{70C6F377-9995-47F5-99F1-F2D635A8F664}.Release|Any CPU.Build.0 = Release|Any CPU
	EndGlobalSection
	GlobalSection(SolutionProperties) = preSolution
		HideSolutionNode = FALSE
	EndGlobalSection
	GlobalSection(ExtensibilityGlobals) = postSolution
		SolutionGuid = {CE17B2FE-B28E-40A7-846F-0439607E67D3}
	EndGlobalSection
EndGlobal
