
Microsoft Visual Studio Solution File, Format Version 12.00
# Visual Studio 15
VisualStudioVersion = 15.0.28307.106
MinimumVisualStudioVersion = 10.0.40219.1
Project("{FAE04EC0-301F-11D3-BF4B-00C04F79EFBC}") = "KonwerterApp", "KonwerterApp\KonwerterApp.csproj", "{1AF1AF28-65D2-47EB-AD65-46911BCB5DB4}"
EndProject
Project("{FAE04EC0-301F-11D3-BF4B-00C04F79EFBC}") = "KonwerterSDK", "KonwerterSDK\KonwerterSDK.csproj", "{2942FE7C-C87F-4B3B-AA06-09E33F5F1638}"
EndProject
Global
	GlobalSection(SolutionConfigurationPlatforms) = preSolution
		Debug|Any CPU = Debug|Any CPU
		Release|Any CPU = Release|Any CPU
	EndGlobalSection
	GlobalSection(ProjectConfigurationPlatforms) = postSolution
		{1AF1AF28-65D2-47EB-AD65-46911BCB5DB4}.Debug|Any CPU.ActiveCfg = Debug|Any CPU
		{1AF1AF28-65D2-47EB-AD65-46911BCB5DB4}.Debug|Any CPU.Build.0 = Debug|Any CPU
		{1AF1AF28-65D2-47EB-AD65-46911BCB5DB4}.Release|Any CPU.ActiveCfg = Release|Any CPU
		{1AF1AF28-65D2-47EB-AD65-46911BCB5DB4}.Release|Any CPU.Build.0 = Release|Any CPU
		{2942FE7C-C87F-4B3B-AA06-09E33F5F1638}.Debug|Any CPU.ActiveCfg = Debug|Any CPU
		{2942FE7C-C87F-4B3B-AA06-09E33F5F1638}.Debug|Any CPU.Build.0 = Debug|Any CPU
		{2942FE7C-C87F-4B3B-AA06-09E33F5F1638}.Release|Any CPU.ActiveCfg = Release|Any CPU
		{2942FE7C-C87F-4B3B-AA06-09E33F5F1638}.Release|Any CPU.Build.0 = Release|Any CPU
	EndGlobalSection
	GlobalSection(SolutionProperties) = preSolution
		HideSolutionNode = FALSE
	EndGlobalSection
	GlobalSection(ExtensibilityGlobals) = postSolution
		SolutionGuid = {63E8D03F-DFE8-4219-B723-6A9DF5C15B04}
	EndGlobalSection
EndGlobal
