
Microsoft Visual Studio Solution File, Format Version 12.00
# Visual Studio 15
VisualStudioVersion = 15.0.28010.2048
MinimumVisualStudioVersion = 10.0.40219.1
Project("{FAE04EC0-301F-11D3-BF4B-00C04F79EFBC}") = "kalkulator", "kalkulator\kalkulator.csproj", "{172BF1CE-B9AC-4C8B-A682-FA9A0DB50C4E}"
	ProjectSection(ProjectDependencies) = postProject
		{01CC35FC-1341-4A23-AE18-509E1C2EDEBB} = {01CC35FC-1341-4A23-AE18-509E1C2EDEBB}
	EndProjectSection
EndProject
Project("{FAE04EC0-301F-11D3-BF4B-00C04F79EFBC}") = "Converters", "Converters\Converters.csproj", "{01CC35FC-1341-4A23-AE18-509E1C2EDEBB}"
EndProject
Global
	GlobalSection(SolutionConfigurationPlatforms) = preSolution
		Debug|Any CPU = Debug|Any CPU
		Release|Any CPU = Release|Any CPU
	EndGlobalSection
	GlobalSection(ProjectConfigurationPlatforms) = postSolution
		{172BF1CE-B9AC-4C8B-A682-FA9A0DB50C4E}.Debug|Any CPU.ActiveCfg = Debug|Any CPU
		{172BF1CE-B9AC-4C8B-A682-FA9A0DB50C4E}.Debug|Any CPU.Build.0 = Debug|Any CPU
		{172BF1CE-B9AC-4C8B-A682-FA9A0DB50C4E}.Release|Any CPU.ActiveCfg = Release|Any CPU
		{172BF1CE-B9AC-4C8B-A682-FA9A0DB50C4E}.Release|Any CPU.Build.0 = Release|Any CPU
		{01CC35FC-1341-4A23-AE18-509E1C2EDEBB}.Debug|Any CPU.ActiveCfg = Debug|Any CPU
		{01CC35FC-1341-4A23-AE18-509E1C2EDEBB}.Debug|Any CPU.Build.0 = Debug|Any CPU
		{01CC35FC-1341-4A23-AE18-509E1C2EDEBB}.Release|Any CPU.ActiveCfg = Release|Any CPU
		{01CC35FC-1341-4A23-AE18-509E1C2EDEBB}.Release|Any CPU.Build.0 = Release|Any CPU
	EndGlobalSection
	GlobalSection(SolutionProperties) = preSolution
		HideSolutionNode = FALSE
	EndGlobalSection
	GlobalSection(ExtensibilityGlobals) = postSolution
		SolutionGuid = {AB7BF8B2-898E-45F7-9311-235AF98A95C1}
	EndGlobalSection
EndGlobal
