
Microsoft Visual Studio Solution File, Format Version 12.00
# Visual Studio 15
VisualStudioVersion = 15.0.28307.902
MinimumVisualStudioVersion = 10.0.40219.1
Project("{FAE04EC0-301F-11D3-BF4B-00C04F79EFBC}") = "Konwerter8000MocyPlugin", "Konwerter8000MocyPlugin\Konwerter8000MocyPlugin.csproj", "{784ED532-6492-437F-A59C-FA3F8FE2EC86}"
EndProject
Global
	GlobalSection(SolutionConfigurationPlatforms) = preSolution
		Debug|Any CPU = Debug|Any CPU
		Release|Any CPU = Release|Any CPU
	EndGlobalSection
	GlobalSection(ProjectConfigurationPlatforms) = postSolution
		{784ED532-6492-437F-A59C-FA3F8FE2EC86}.Debug|Any CPU.ActiveCfg = Debug|Any CPU
		{784ED532-6492-437F-A59C-FA3F8FE2EC86}.Debug|Any CPU.Build.0 = Debug|Any CPU
		{784ED532-6492-437F-A59C-FA3F8FE2EC86}.Release|Any CPU.ActiveCfg = Release|Any CPU
		{784ED532-6492-437F-A59C-FA3F8FE2EC86}.Release|Any CPU.Build.0 = Release|Any CPU
	EndGlobalSection
	GlobalSection(SolutionProperties) = preSolution
		HideSolutionNode = FALSE
	EndGlobalSection
	GlobalSection(ExtensibilityGlobals) = postSolution
		SolutionGuid = {5A6EB50B-DAF9-4893-8FF5-E798808344EF}
	EndGlobalSection
EndGlobal
