
Microsoft Visual Studio Solution File, Format Version 12.00
# Visual Studio 15
VisualStudioVersion = 15.0.28307.489
MinimumVisualStudioVersion = 10.0.40219.1
Project("{FAE04EC0-301F-11D3-BF4B-00C04F79EFBC}") = "JIPP5.Plugin", "JIPP5.Plugin\JIPP5.Plugin.csproj", "{8028A362-0099-4DF8-B59B-5ADA4B7CA81C}"
EndProject
Project("{FAE04EC0-301F-11D3-BF4B-00C04F79EFBC}") = "JIPP5.CurrencyPlugin", "JIPP5.CurrencyPlugin\JIPP5.CurrencyPlugin.csproj", "{4D181A68-D602-4ED3-8F79-82BE884A17E7}"
EndProject
Global
	GlobalSection(SolutionConfigurationPlatforms) = preSolution
		Debug|Any CPU = Debug|Any CPU
		Release|Any CPU = Release|Any CPU
	EndGlobalSection
	GlobalSection(ProjectConfigurationPlatforms) = postSolution
		{8028A362-0099-4DF8-B59B-5ADA4B7CA81C}.Debug|Any CPU.ActiveCfg = Debug|Any CPU
		{8028A362-0099-4DF8-B59B-5ADA4B7CA81C}.Debug|Any CPU.Build.0 = Debug|Any CPU
		{8028A362-0099-4DF8-B59B-5ADA4B7CA81C}.Release|Any CPU.ActiveCfg = Release|Any CPU
		{8028A362-0099-4DF8-B59B-5ADA4B7CA81C}.Release|Any CPU.Build.0 = Release|Any CPU
		{4D181A68-D602-4ED3-8F79-82BE884A17E7}.Debug|Any CPU.ActiveCfg = Debug|Any CPU
		{4D181A68-D602-4ED3-8F79-82BE884A17E7}.Debug|Any CPU.Build.0 = Debug|Any CPU
		{4D181A68-D602-4ED3-8F79-82BE884A17E7}.Release|Any CPU.ActiveCfg = Release|Any CPU
		{4D181A68-D602-4ED3-8F79-82BE884A17E7}.Release|Any CPU.Build.0 = Release|Any CPU
	EndGlobalSection
	GlobalSection(SolutionProperties) = preSolution
		HideSolutionNode = FALSE
	EndGlobalSection
	GlobalSection(ExtensibilityGlobals) = postSolution
		SolutionGuid = {80F257E9-02D5-4877-92DA-081D617923C9}
	EndGlobalSection
EndGlobal
