
Microsoft Visual Studio Solution File, Format Version 12.00
# Visual Studio 15
VisualStudioVersion = 15.0.28307.902
MinimumVisualStudioVersion = 10.0.40219.1
Project("{FAE04EC0-301F-11D3-BF4B-00C04F79EFBC}") = "Konwerter5MocyPlugin", "Konwerter5MocyPlugin\Konwerter5MocyPlugin.csproj", "{EE20F2A1-9B76-4255-BECD-D219067737A9}"
EndProject
Global
	GlobalSection(SolutionConfigurationPlatforms) = preSolution
		Debug|Any CPU = Debug|Any CPU
		Release|Any CPU = Release|Any CPU
	EndGlobalSection
	GlobalSection(ProjectConfigurationPlatforms) = postSolution
		{EE20F2A1-9B76-4255-BECD-D219067737A9}.Debug|Any CPU.ActiveCfg = Debug|Any CPU
		{EE20F2A1-9B76-4255-BECD-D219067737A9}.Debug|Any CPU.Build.0 = Debug|Any CPU
		{EE20F2A1-9B76-4255-BECD-D219067737A9}.Release|Any CPU.ActiveCfg = Release|Any CPU
		{EE20F2A1-9B76-4255-BECD-D219067737A9}.Release|Any CPU.Build.0 = Release|Any CPU
	EndGlobalSection
	GlobalSection(SolutionProperties) = preSolution
		HideSolutionNode = FALSE
	EndGlobalSection
	GlobalSection(ExtensibilityGlobals) = postSolution
		SolutionGuid = {24117A5F-E811-45D6-BDBC-DE13DD8D16B6}
	EndGlobalSection
EndGlobal
