
Microsoft Visual Studio Solution File, Format Version 12.00
# Visual Studio Version 16
VisualStudioVersion = 16.0.28803.452
MinimumVisualStudioVersion = 10.0.40219.1
Project("{FAE04EC0-301F-11D3-BF4B-00C04F79EFBC}") = "Speed", "Speed.csproj", "{B98BEEC5-B98C-4010-80B2-F7DA530A6A71}"
EndProject
Global
	GlobalSection(SolutionConfigurationPlatforms) = preSolution
		Debug|Any CPU = Debug|Any CPU
		Release|Any CPU = Release|Any CPU
	EndGlobalSection
	GlobalSection(ProjectConfigurationPlatforms) = postSolution
		{B98BEEC5-B98C-4010-80B2-F7DA530A6A71}.Debug|Any CPU.ActiveCfg = Debug|Any CPU
		{B98BEEC5-B98C-4010-80B2-F7DA530A6A71}.Debug|Any CPU.Build.0 = Debug|Any CPU
		{B98BEEC5-B98C-4010-80B2-F7DA530A6A71}.Release|Any CPU.ActiveCfg = Release|Any CPU
		{B98BEEC5-B98C-4010-80B2-F7DA530A6A71}.Release|Any CPU.Build.0 = Release|Any CPU
	EndGlobalSection
	GlobalSection(SolutionProperties) = preSolution
		HideSolutionNode = FALSE
	EndGlobalSection
	GlobalSection(ExtensibilityGlobals) = postSolution
		SolutionGuid = {AD1C7021-49CA-4BD1-9079-A62F5280088E}
	EndGlobalSection
EndGlobal
