
Microsoft Visual Studio Solution File, Format Version 12.00
# Visual Studio Version 16
VisualStudioVersion = 16.0.29324.140
MinimumVisualStudioVersion = 10.0.40219.1
Project("{FAE04EC0-301F-11D3-BF4B-00C04F79EFBC}") = "DataConverterPlugin", "DataConverterPlugin\DataConverterPlugin.csproj", "{64971805-DCD6-4ADE-A8DB-2346EDD39E02}"
EndProject
Global
	GlobalSection(SolutionConfigurationPlatforms) = preSolution
		Debug|Any CPU = Debug|Any CPU
		Release|Any CPU = Release|Any CPU
	EndGlobalSection
	GlobalSection(ProjectConfigurationPlatforms) = postSolution
		{64971805-DCD6-4ADE-A8DB-2346EDD39E02}.Debug|Any CPU.ActiveCfg = Debug|Any CPU
		{64971805-DCD6-4ADE-A8DB-2346EDD39E02}.Debug|Any CPU.Build.0 = Debug|Any CPU
		{64971805-DCD6-4ADE-A8DB-2346EDD39E02}.Release|Any CPU.ActiveCfg = Release|Any CPU
		{64971805-DCD6-4ADE-A8DB-2346EDD39E02}.Release|Any CPU.Build.0 = Release|Any CPU
	EndGlobalSection
	GlobalSection(SolutionProperties) = preSolution
		HideSolutionNode = FALSE
	EndGlobalSection
	GlobalSection(ExtensibilityGlobals) = postSolution
		SolutionGuid = {98A136E4-1C24-4274-A03A-DDDD412D5D00}
	EndGlobalSection
EndGlobal
