
Microsoft Visual Studio Solution File, Format Version 12.00
# Visual Studio Version 16
VisualStudioVersion = 16.0.29609.76
MinimumVisualStudioVersion = 10.0.40219.1
Project("{FAE04EC0-301F-11D3-BF4B-00C04F79EFBC}") = "CurrencyConverterPlugin", "CurrencyConverterPlugin\CurrencyConverterPlugin.csproj", "{B98B2681-A3D9-45C0-80AE-6634C3B3BA52}"
EndProject
Global
	GlobalSection(SolutionConfigurationPlatforms) = preSolution
		Debug|Any CPU = Debug|Any CPU
		Release|Any CPU = Release|Any CPU
	EndGlobalSection
	GlobalSection(ProjectConfigurationPlatforms) = postSolution
		{B98B2681-A3D9-45C0-80AE-6634C3B3BA52}.Debug|Any CPU.ActiveCfg = Debug|Any CPU
		{B98B2681-A3D9-45C0-80AE-6634C3B3BA52}.Debug|Any CPU.Build.0 = Debug|Any CPU
		{B98B2681-A3D9-45C0-80AE-6634C3B3BA52}.Release|Any CPU.ActiveCfg = Release|Any CPU
		{B98B2681-A3D9-45C0-80AE-6634C3B3BA52}.Release|Any CPU.Build.0 = Release|Any CPU
	EndGlobalSection
	GlobalSection(SolutionProperties) = preSolution
		HideSolutionNode = FALSE
	EndGlobalSection
	GlobalSection(ExtensibilityGlobals) = postSolution
		SolutionGuid = {B0FF4228-45F0-4573-97F8-2B5CF1DD1E44}
	EndGlobalSection
EndGlobal
