
Microsoft Visual Studio Solution File, Format Version 12.00
# Visual Studio 15
VisualStudioVersion = 15.0.28010.2046
MinimumVisualStudioVersion = 10.0.40219.1
Project("{FAE04EC0-301F-11D3-BF4B-00C04F79EFBC}") = "converter", "converter\converter.csproj", "{94B02B72-5BEE-4C2F-A041-83A00F791598}"
	ProjectSection(ProjectDependencies) = postProject
		{95AD8EF3-DC52-44EB-AF0E-99251C26E73A} = {95AD8EF3-DC52-44EB-AF0E-99251C26E73A}
	EndProjectSection
EndProject
Project("{FAE04EC0-301F-11D3-BF4B-00C04F79EFBC}") = "ConverterSDK", "ConverterSDK\ConverterSDK.csproj", "{95AD8EF3-DC52-44EB-AF0E-99251C26E73A}"
EndProject
Project("{FAE04EC0-301F-11D3-BF4B-00C04F79EFBC}") = "PressureConverterPlugin", "PressureConverterPlugin\PressureConverterPlugin.csproj", "{F2F1B70F-DD9D-4E9A-96C0-4F02F21D7394}"
EndProject
Project("{FAE04EC0-301F-11D3-BF4B-00C04F79EFBC}") = "ConverterLogic", "ConverterLogic\ConverterLogic.csproj", "{4680B3B5-4916-4570-B533-A02A373F8E6D}"
EndProject
Project("{FAE04EC0-301F-11D3-BF4B-00C04F79EFBC}") = "ConverterWeb", "ConverterWeb\ConverterWeb.csproj", "{F4D4D389-47B9-476A-9EA2-58D857443458}"
EndProject
Project("{FAE04EC0-301F-11D3-BF4B-00C04F79EFBC}") = "CurrencyConverterPlugin", "ConverterNBP\CurrencyConverterPlugin.csproj", "{35F157A2-DDF0-4F9B-8B44-90D5F6D97895}"
EndProject
Global
	GlobalSection(SolutionConfigurationPlatforms) = preSolution
		Debug|Any CPU = Debug|Any CPU
		Release|Any CPU = Release|Any CPU
	EndGlobalSection
	GlobalSection(ProjectConfigurationPlatforms) = postSolution
		{94B02B72-5BEE-4C2F-A041-83A00F791598}.Debug|Any CPU.ActiveCfg = Debug|Any CPU
		{94B02B72-5BEE-4C2F-A041-83A00F791598}.Debug|Any CPU.Build.0 = Debug|Any CPU
		{94B02B72-5BEE-4C2F-A041-83A00F791598}.Release|Any CPU.ActiveCfg = Release|Any CPU
		{94B02B72-5BEE-4C2F-A041-83A00F791598}.Release|Any CPU.Build.0 = Release|Any CPU
		{95AD8EF3-DC52-44EB-AF0E-99251C26E73A}.Debug|Any CPU.ActiveCfg = Debug|Any CPU
		{95AD8EF3-DC52-44EB-AF0E-99251C26E73A}.Debug|Any CPU.Build.0 = Debug|Any CPU
		{95AD8EF3-DC52-44EB-AF0E-99251C26E73A}.Release|Any CPU.ActiveCfg = Release|Any CPU
		{95AD8EF3-DC52-44EB-AF0E-99251C26E73A}.Release|Any CPU.Build.0 = Release|Any CPU
		{F2F1B70F-DD9D-4E9A-96C0-4F02F21D7394}.Debug|Any CPU.ActiveCfg = Debug|Any CPU
		{F2F1B70F-DD9D-4E9A-96C0-4F02F21D7394}.Debug|Any CPU.Build.0 = Debug|Any CPU
		{F2F1B70F-DD9D-4E9A-96C0-4F02F21D7394}.Release|Any CPU.ActiveCfg = Release|Any CPU
		{F2F1B70F-DD9D-4E9A-96C0-4F02F21D7394}.Release|Any CPU.Build.0 = Release|Any CPU
		{4680B3B5-4916-4570-B533-A02A373F8E6D}.Debug|Any CPU.ActiveCfg = Debug|Any CPU
		{4680B3B5-4916-4570-B533-A02A373F8E6D}.Debug|Any CPU.Build.0 = Debug|Any CPU
		{4680B3B5-4916-4570-B533-A02A373F8E6D}.Release|Any CPU.ActiveCfg = Release|Any CPU
		{4680B3B5-4916-4570-B533-A02A373F8E6D}.Release|Any CPU.Build.0 = Release|Any CPU
		{F4D4D389-47B9-476A-9EA2-58D857443458}.Debug|Any CPU.ActiveCfg = Debug|Any CPU
		{F4D4D389-47B9-476A-9EA2-58D857443458}.Debug|Any CPU.Build.0 = Debug|Any CPU
		{F4D4D389-47B9-476A-9EA2-58D857443458}.Release|Any CPU.ActiveCfg = Release|Any CPU
		{F4D4D389-47B9-476A-9EA2-58D857443458}.Release|Any CPU.Build.0 = Release|Any CPU
		{35F157A2-DDF0-4F9B-8B44-90D5F6D97895}.Debug|Any CPU.ActiveCfg = Debug|Any CPU
		{35F157A2-DDF0-4F9B-8B44-90D5F6D97895}.Debug|Any CPU.Build.0 = Debug|Any CPU
		{35F157A2-DDF0-4F9B-8B44-90D5F6D97895}.Release|Any CPU.ActiveCfg = Release|Any CPU
		{35F157A2-DDF0-4F9B-8B44-90D5F6D97895}.Release|Any CPU.Build.0 = Release|Any CPU
	EndGlobalSection
	GlobalSection(SolutionProperties) = preSolution
		HideSolutionNode = FALSE
	EndGlobalSection
	GlobalSection(ExtensibilityGlobals) = postSolution
		SolutionGuid = {E4A22D9F-8460-4998-8410-9788C5015B21}
	EndGlobalSection
EndGlobal
