
Microsoft Visual Studio Solution File, Format Version 12.00
# Visual Studio Version 16
VisualStudioVersion = 16.0.29306.81
MinimumVisualStudioVersion = 10.0.40219.1
Project("{FAE04EC0-301F-11D3-BF4B-00C04F79EFBC}") = "converter", "converter\converter.csproj", "{94B02B72-5BEE-4C2F-A041-83A00F791598}"
EndProject
Global
	GlobalSection(SolutionConfigurationPlatforms) = preSolution
		Debug|Any CPU = Debug|Any CPU
		Release|Any CPU = Release|Any CPU
	EndGlobalSection
	GlobalSection(ProjectConfigurationPlatforms) = postSolution
		{94B02B72-5BEE-4C2F-A041-83A00F791598}.Debug|Any CPU.ActiveCfg = Debug|Any CPU
		{94B02B72-5BEE-4C2F-A041-83A00F791598}.Debug|Any CPU.Build.0 = Debug|Any CPU
		{94B02B72-5BEE-4C2F-A041-83A00F791598}.Release|Any CPU.ActiveCfg = Release|Any CPU
		{94B02B72-5BEE-4C2F-A041-83A00F791598}.Release|Any CPU.Build.0 = Release|Any CPU
	EndGlobalSection
	GlobalSection(SolutionProperties) = preSolution
		HideSolutionNode = FALSE
	EndGlobalSection
	GlobalSection(ExtensibilityGlobals) = postSolution
		SolutionGuid = {E4A22D9F-8460-4998-8410-9788C5015B21}
	EndGlobalSection
EndGlobal
