
Microsoft Visual Studio Solution File, Format Version 12.00
# Visual Studio 15
VisualStudioVersion = 15.0.28307.572
MinimumVisualStudioVersion = 10.0.40219.1
Project("{FAE04EC0-301F-11D3-BF4B-00C04F79EFBC}") = "3w1Konwerter", "3w1KonwerterPlugin\3w1Konwerter.csproj", "{F593BB10-71A5-494F-845F-63BCEE49076D}"
EndProject
Global
	GlobalSection(SolutionConfigurationPlatforms) = preSolution
		Debug|Any CPU = Debug|Any CPU
		Release|Any CPU = Release|Any CPU
	EndGlobalSection
	GlobalSection(ProjectConfigurationPlatforms) = postSolution
		{F593BB10-71A5-494F-845F-63BCEE49076D}.Debug|Any CPU.ActiveCfg = Debug|Any CPU
		{F593BB10-71A5-494F-845F-63BCEE49076D}.Debug|Any CPU.Build.0 = Debug|Any CPU
		{F593BB10-71A5-494F-845F-63BCEE49076D}.Release|Any CPU.ActiveCfg = Release|Any CPU
		{F593BB10-71A5-494F-845F-63BCEE49076D}.Release|Any CPU.Build.0 = Release|Any CPU
	EndGlobalSection
	GlobalSection(SolutionProperties) = preSolution
		HideSolutionNode = FALSE
	EndGlobalSection
	GlobalSection(ExtensibilityGlobals) = postSolution
		SolutionGuid = {0FE0F048-9CD4-4942-B3D6-5AA9EDBE6270}
	EndGlobalSection
EndGlobal
