
Microsoft Visual Studio Solution File, Format Version 12.00
# Visual Studio Version 16
VisualStudioVersion = 16.0.29411.108
MinimumVisualStudioVersion = 10.0.40219.1
Project("{FAE04EC0-301F-11D3-BF4B-00C04F79EFBC}") = "WpfApp1", "WpfApp1.csproj", "{8E91677F-43DB-4108-8A10-AD7EED323089}"
EndProject
Project("{FAE04EC0-301F-11D3-BF4B-00C04F79EFBC}") = "WpfApp1SDK", "..\WpfApp1SDK\WpfApp1SDK.csproj", "{94651ECC-D3DF-4663-8F25-FD77BAA77B64}"
EndProject
Project("{FAE04EC0-301F-11D3-BF4B-00C04F79EFBC}") = "WpfApp1Logic", "..\WpfApp1Logic\WpfApp1Logic.csproj", "{EA28F3F0-2020-48E1-871C-63AC979F0EC1}"
EndProject
Project("{FAE04EC0-301F-11D3-BF4B-00C04F79EFBC}") = "WpfApp1.Web", "..\WpfApp1.Web\WpfApp1.Web.csproj", "{FD386D64-674D-4C41-A56B-33E6243F95B9}"
EndProject
Project("{FAE04EC0-301F-11D3-BF4B-00C04F79EFBC}") = "BytesConverterPlugin", "..\BytesConverterPlugin\BytesConverterPlugin.csproj", "{BBE6C183-81EB-488D-A447-70C5D312A6F5}"
EndProject
Project("{FAE04EC0-301F-11D3-BF4B-00C04F79EFBC}") = "EuroConverterPlugin", "..\EuroConverterPlugin\EuroConverterPlugin.csproj", "{3B47C05C-B118-48CF-BFF7-020700B6544A}"
EndProject
Global
	GlobalSection(SolutionConfigurationPlatforms) = preSolution
		Debug|Any CPU = Debug|Any CPU
		Release|Any CPU = Release|Any CPU
	EndGlobalSection
	GlobalSection(ProjectConfigurationPlatforms) = postSolution
		{8E91677F-43DB-4108-8A10-AD7EED323089}.Debug|Any CPU.ActiveCfg = Debug|Any CPU
		{8E91677F-43DB-4108-8A10-AD7EED323089}.Debug|Any CPU.Build.0 = Debug|Any CPU
		{8E91677F-43DB-4108-8A10-AD7EED323089}.Release|Any CPU.ActiveCfg = Release|Any CPU
		{8E91677F-43DB-4108-8A10-AD7EED323089}.Release|Any CPU.Build.0 = Release|Any CPU
		{94651ECC-D3DF-4663-8F25-FD77BAA77B64}.Debug|Any CPU.ActiveCfg = Debug|Any CPU
		{94651ECC-D3DF-4663-8F25-FD77BAA77B64}.Debug|Any CPU.Build.0 = Debug|Any CPU
		{94651ECC-D3DF-4663-8F25-FD77BAA77B64}.Release|Any CPU.ActiveCfg = Release|Any CPU
		{94651ECC-D3DF-4663-8F25-FD77BAA77B64}.Release|Any CPU.Build.0 = Release|Any CPU
		{EA28F3F0-2020-48E1-871C-63AC979F0EC1}.Debug|Any CPU.ActiveCfg = Debug|Any CPU
		{EA28F3F0-2020-48E1-871C-63AC979F0EC1}.Debug|Any CPU.Build.0 = Debug|Any CPU
		{EA28F3F0-2020-48E1-871C-63AC979F0EC1}.Release|Any CPU.ActiveCfg = Release|Any CPU
		{EA28F3F0-2020-48E1-871C-63AC979F0EC1}.Release|Any CPU.Build.0 = Release|Any CPU
		{FD386D64-674D-4C41-A56B-33E6243F95B9}.Debug|Any CPU.ActiveCfg = Debug|Any CPU
		{FD386D64-674D-4C41-A56B-33E6243F95B9}.Debug|Any CPU.Build.0 = Debug|Any CPU
		{FD386D64-674D-4C41-A56B-33E6243F95B9}.Release|Any CPU.ActiveCfg = Release|Any CPU
		{FD386D64-674D-4C41-A56B-33E6243F95B9}.Release|Any CPU.Build.0 = Release|Any CPU
		{BBE6C183-81EB-488D-A447-70C5D312A6F5}.Debug|Any CPU.ActiveCfg = Debug|Any CPU
		{BBE6C183-81EB-488D-A447-70C5D312A6F5}.Debug|Any CPU.Build.0 = Debug|Any CPU
		{BBE6C183-81EB-488D-A447-70C5D312A6F5}.Release|Any CPU.ActiveCfg = Release|Any CPU
		{BBE6C183-81EB-488D-A447-70C5D312A6F5}.Release|Any CPU.Build.0 = Release|Any CPU
		{3B47C05C-B118-48CF-BFF7-020700B6544A}.Debug|Any CPU.ActiveCfg = Debug|Any CPU
		{3B47C05C-B118-48CF-BFF7-020700B6544A}.Debug|Any CPU.Build.0 = Debug|Any CPU
		{3B47C05C-B118-48CF-BFF7-020700B6544A}.Release|Any CPU.ActiveCfg = Release|Any CPU
		{3B47C05C-B118-48CF-BFF7-020700B6544A}.Release|Any CPU.Build.0 = Release|Any CPU
	EndGlobalSection
	GlobalSection(SolutionProperties) = preSolution
		HideSolutionNode = FALSE
	EndGlobalSection
	GlobalSection(ExtensibilityGlobals) = postSolution
		SolutionGuid = {0157F222-CA97-4E5D-81FA-D816D9EAC5E0}
	EndGlobalSection
EndGlobal
