
Microsoft Visual Studio Solution File, Format Version 12.00
# Visual Studio Version 16
VisualStudioVersion = 16.0.29411.108
MinimumVisualStudioVersion = 10.0.40219.1
Project("{FAE04EC0-301F-11D3-BF4B-00C04F79EFBC}") = "WpfApp1", "WpfApp1.csproj", "{8E91677F-43DB-4108-8A10-AD7EED323089}"
EndProject
Global
	GlobalSection(SolutionConfigurationPlatforms) = preSolution
		Debug|Any CPU = Debug|Any CPU
		Release|Any CPU = Release|Any CPU
	EndGlobalSection
	GlobalSection(ProjectConfigurationPlatforms) = postSolution
		{8E91677F-43DB-4108-8A10-AD7EED323089}.Debug|Any CPU.ActiveCfg = Debug|Any CPU
		{8E91677F-43DB-4108-8A10-AD7EED323089}.Debug|Any CPU.Build.0 = Debug|Any CPU
		{8E91677F-43DB-4108-8A10-AD7EED323089}.Release|Any CPU.ActiveCfg = Release|Any CPU
		{8E91677F-43DB-4108-8A10-AD7EED323089}.Release|Any CPU.Build.0 = Release|Any CPU
	EndGlobalSection
	GlobalSection(SolutionProperties) = preSolution
		HideSolutionNode = FALSE
	EndGlobalSection
	GlobalSection(ExtensibilityGlobals) = postSolution
		SolutionGuid = {0157F222-CA97-4E5D-81FA-D816D9EAC5E0}
	EndGlobalSection
EndGlobal
