
Microsoft Visual Studio Solution File, Format Version 12.00
# Visual Studio 15
VisualStudioVersion = 15.0.28307.572
MinimumVisualStudioVersion = 10.0.40219.1
Project("{FAE04EC0-301F-11D3-BF4B-00C04F79EFBC}") = "WalutyKonwerter", "WalutyKonwerterPlugin\WalutyKonwerter.csproj", "{13982B07-16B0-43E6-A3C4-B9FC1A303DDD}"
EndProject
Global
	GlobalSection(SolutionConfigurationPlatforms) = preSolution
		Debug|Any CPU = Debug|Any CPU
		Release|Any CPU = Release|Any CPU
	EndGlobalSection
	GlobalSection(ProjectConfigurationPlatforms) = postSolution
		{13982B07-16B0-43E6-A3C4-B9FC1A303DDD}.Debug|Any CPU.ActiveCfg = Debug|Any CPU
		{13982B07-16B0-43E6-A3C4-B9FC1A303DDD}.Debug|Any CPU.Build.0 = Debug|Any CPU
		{13982B07-16B0-43E6-A3C4-B9FC1A303DDD}.Release|Any CPU.ActiveCfg = Release|Any CPU
		{13982B07-16B0-43E6-A3C4-B9FC1A303DDD}.Release|Any CPU.Build.0 = Release|Any CPU
	EndGlobalSection
	GlobalSection(SolutionProperties) = preSolution
		HideSolutionNode = FALSE
	EndGlobalSection
	GlobalSection(ExtensibilityGlobals) = postSolution
		SolutionGuid = {0FF0A19D-D07E-42E9-B602-CCF14933AD47}
	EndGlobalSection
EndGlobal
