
Microsoft Visual Studio Solution File, Format Version 12.00
# Visual Studio Version 16
VisualStudioVersion = 16.0.29215.179
MinimumVisualStudioVersion = 10.0.40219.1
Project("{FAE04EC0-301F-11D3-BF4B-00C04F79EFBC}") = "IloscPlugin", "IloscPlugin\IloscPlugin.csproj", "{C978FB9B-8459-4CC6-B9EC-B424442EAAEE}"
EndProject
Global
	GlobalSection(SolutionConfigurationPlatforms) = preSolution
		Debug|Any CPU = Debug|Any CPU
		Release|Any CPU = Release|Any CPU
	EndGlobalSection
	GlobalSection(ProjectConfigurationPlatforms) = postSolution
		{C978FB9B-8459-4CC6-B9EC-B424442EAAEE}.Debug|Any CPU.ActiveCfg = Debug|Any CPU
		{C978FB9B-8459-4CC6-B9EC-B424442EAAEE}.Debug|Any CPU.Build.0 = Debug|Any CPU
		{C978FB9B-8459-4CC6-B9EC-B424442EAAEE}.Release|Any CPU.ActiveCfg = Release|Any CPU
		{C978FB9B-8459-4CC6-B9EC-B424442EAAEE}.Release|Any CPU.Build.0 = Release|Any CPU
	EndGlobalSection
	GlobalSection(SolutionProperties) = preSolution
		HideSolutionNode = FALSE
	EndGlobalSection
	GlobalSection(ExtensibilityGlobals) = postSolution
		SolutionGuid = {1A8214C7-53D6-4A81-9111-BE1FE0A1BACB}
	EndGlobalSection
EndGlobal
